<?xml version="1.0" encoding="utf-8"?>
<Project ToolsVersion="4.0" xmlns="http://schemas.microsoft.com/developer/msbuild/2003">
  <ItemGroup>
    <Filter Include="DebugUtils">
      <UniqueIdentifier>{49c492ea-844e-4a01-b303-c4b9609ccd2d}</UniqueIdentifier>
    </Filter>
    <Filter Include="Detour">
      <UniqueIdentifier>{1b53ad8d-393a-4bc0-84a5-8dcec9c50924}</UniqueIdentifier>
    </Filter>
    <Filter Include="DetourCrowd">
      <UniqueIdentifier>{2ee6f7ba-673d-4af9-be6e-b224f0c0a83e}</UniqueIdentifier>
    </Filter>
    <Filter Include="DetourTileCache">
      <UniqueIdentifier>{f82b9588-b02a-4bc2-917d-4c3303323945}</UniqueIdentifier>
    </Filter>
    <Filter Include="Recast">
      <UniqueIdentifier>{3f2e6e30-02e2-4a4d-9494-cd7b2cdbdb07}</UniqueIdentifier>
    </Filter>
    <Filter Include="Main">
      <UniqueIdentifier>{c30987d3-ee98-409c-a5e5-fee3a6cde8a5}</UniqueIdentifier>
    </Filter>
    <Filter Include="Utils">
      <UniqueIdentifier>{17382729-fc1d-4b66-b636-906b407524c8}</UniqueIdentifier>
    </Filter>
  </ItemGroup>
  <ItemGroup>
    <ClCompile Include="DebugUtils\DebugDraw.cpp">
      <Filter>DebugUtils</Filter>
    </ClCompile>
    <ClCompile Include="DebugUtils\DetourDebugDraw.cpp">
      <Filter>DebugUtils</Filter>
    </ClCompile>
    <ClCompile Include="DebugUtils\RecastDebugDraw.cpp">
      <Filter>DebugUtils</Filter>
    </ClCompile>
    <ClCompile Include="DebugUtils\RecastDump.cpp">
      <Filter>DebugUtils</Filter>
    </ClCompile>
    <ClCompile Include="Detour\DetourAlloc.cpp">
      <Filter>Detour</Filter>
    </ClCompile>
    <ClCompile Include="Detour\DetourAssert.cpp">
      <Filter>Detour</Filter>
    </ClCompile>
    <ClCompile Include="Detour\DetourCommon.cpp">
      <Filter>Detour</Filter>
    </ClCompile>
    <ClCompile Include="Detour\DetourNavMesh.cpp">
      <Filter>Detour</Filter>
    </ClCompile>
    <ClCompile Include="Detour\DetourNavMeshBuilder.cpp">
      <Filter>Detour</Filter>
    </ClCompile>
    <ClCompile Include="Detour\DetourNavMeshQuery.cpp">
      <Filter>Detour</Filter>
    </ClCompile>
    <ClCompile Include="Detour\DetourNode.cpp">
      <Filter>Detour</Filter>
    </ClCompile>
    <ClCompile Include="DetourCrowd\DetourCrowd.cpp">
      <Filter>DetourCrowd</Filter>
    </ClCompile>
    <ClCompile Include="DetourCrowd\DetourLocalBoundary.cpp">
      <Filter>DetourCrowd</Filter>
    </ClCompile>
    <ClCompile Include="DetourCrowd\DetourObstacleAvoidance.cpp">
      <Filter>DetourCrowd</Filter>
    </ClCompile>
    <ClCompile Include="DetourCrowd\DetourPathCorridor.cpp">
      <Filter>DetourCrowd</Filter>
    </ClCompile>
    <ClCompile Include="DetourCrowd\DetourPathQueue.cpp">
      <Filter>DetourCrowd</Filter>
    </ClCompile>
    <ClCompile Include="DetourCrowd\DetourProximityGrid.cpp">
      <Filter>DetourCrowd</Filter>
    </ClCompile>
    <ClCompile Include="DetourTileCache\DetourTileCache.cpp">
      <Filter>DetourTileCache</Filter>
    </ClCompile>
    <ClCompile Include="DetourTileCache\DetourTileCacheBuilder.cpp">
      <Filter>DetourTileCache</Filter>
    </ClCompile>
    <ClCompile Include="Recast\Recast.cpp">
      <Filter>Recast</Filter>
    </ClCompile>
    <ClCompile Include="Recast\RecastAlloc.cpp">
      <Filter>Recast</Filter>
    </ClCompile>
    <ClCompile Include="Recast\RecastArea.cpp">
      <Filter>Recast</Filter>
    </ClCompile>
    <ClCompile Include="Recast\RecastAssert.cpp">
      <Filter>Recast</Filter>
    </ClCompile>
    <ClCompile Include="Recast\RecastContour.cpp">
      <Filter>Recast</Filter>
    </ClCompile>
    <ClCompile Include="Recast\RecastFilter.cpp">
      <Filter>Recast</Filter>
    </ClCompile>
    <ClCompile Include="Recast\RecastLayers.cpp">
      <Filter>Recast</Filter>
    </ClCompile>
    <ClCompile Include="Recast\RecastMesh.cpp">
      <Filter>Recast</Filter>
    </ClCompile>
    <ClCompile Include="Recast\RecastMeshDetail.cpp">
      <Filter>Recast</Filter>
    </ClCompile>
    <ClCompile Include="Recast\RecastRasterization.cpp">
      <Filter>Recast</Filter>
    </ClCompile>
    <ClCompile Include="Recast\RecastRegion.cpp">
      <Filter>Recast</Filter>
    </ClCompile>
    <ClCompile Include="Navigation.cpp">
      <Filter>Main</Filter>
    </ClCompile>
    <ClCompile Include="InputGeom.cpp">
      <Filter>Main</Filter>
    </ClCompile>
    <ClCompile Include="NavMeshUtils.cpp">
      <Filter>Utils</Filter>
    </ClCompile>
    <ClCompile Include="PartitionedMesh.cpp">
      <Filter>Main</Filter>
    </ClCompile>
  </ItemGroup>
  <ItemGroup>
    <ClInclude Include="DebugUtils\DebugDraw.h">
      <Filter>DebugUtils</Filter>
    </ClInclude>
    <ClInclude Include="DebugUtils\DetourDebugDraw.h">
      <Filter>DebugUtils</Filter>
    </ClInclude>
    <ClInclude Include="DebugUtils\RecastDebugDraw.h">
      <Filter>DebugUtils</Filter>
    </ClInclude>
    <ClInclude Include="DebugUtils\RecastDump.h">
      <Filter>DebugUtils</Filter>
    </ClInclude>
    <ClInclude Include="Detour\DetourAlloc.h">
      <Filter>Detour</Filter>
    </ClInclude>
    <ClInclude Include="Detour\DetourAssert.h">
      <Filter>Detour</Filter>
    </ClInclude>
    <ClInclude Include="Detour\DetourCommon.h">
      <Filter>Detour</Filter>
    </ClInclude>
    <ClInclude Include="Detour\DetourMath.h">
      <Filter>Detour</Filter>
    </ClInclude>
    <ClInclude Include="Detour\DetourNavMesh.h">
      <Filter>Detour</Filter>
    </ClInclude>
    <ClInclude Include="Detour\DetourNavMeshBuilder.h">
      <Filter>Detour</Filter>
    </ClInclude>
    <ClInclude Include="Detour\DetourNavMeshQuery.h">
      <Filter>Detour</Filter>
    </ClInclude>
    <ClInclude Include="Detour\DetourNode.h">
      <Filter>Detour</Filter>
    </ClInclude>
    <ClInclude Include="Detour\DetourStatus.h">
      <Filter>Detour</Filter>
    </ClInclude>
    <ClInclude Include="DetourCrowd\DetourCrowd.h">
      <Filter>DetourCrowd</Filter>
    </ClInclude>
    <ClInclude Include="DetourCrowd\DetourLocalBoundary.h">
      <Filter>DetourCrowd</Filter>
    </ClInclude>
    <ClInclude Include="DetourCrowd\DetourObstacleAvoidance.h">
      <Filter>DetourCrowd</Filter>
    </ClInclude>
    <ClInclude Include="DetourCrowd\DetourPathCorridor.h">
      <Filter>DetourCrowd</Filter>
    </ClInclude>
    <ClInclude Include="DetourCrowd\DetourPathQueue.h">
      <Filter>DetourCrowd</Filter>
    </ClInclude>
    <ClInclude Include="DetourCrowd\DetourProximityGrid.h">
      <Filter>DetourCrowd</Filter>
    </ClInclude>
    <ClInclude Include="DetourTileCache\DetourTileCache.h">
      <Filter>DetourTileCache</Filter>
    </ClInclude>
    <ClInclude Include="DetourTileCache\DetourTileCacheBuilder.h">
      <Filter>DetourTileCache</Filter>
    </ClInclude>
    <ClInclude Include="Recast\Recast.h">
      <Filter>Recast</Filter>
    </ClInclude>
    <ClInclude Include="Recast\RecastAlloc.h">
      <Filter>Recast</Filter>
    </ClInclude>
    <ClInclude Include="Recast\RecastAssert.h">
      <Filter>Recast</Filter>
    </ClInclude>
    <ClInclude Include="Navigation.h">
      <Filter>Main</Filter>
    </ClInclude>
    <ClInclude Include="InputGeom.h">
      <Filter>Main</Filter>
    </ClInclude>
    <ClInclude Include="NavMeshUtils.h">
      <Filter>Utils</Filter>
    </ClInclude>
    <ClInclude Include="PartitionedMesh.h">
      <Filter>Main</Filter>
    </ClInclude>
  </ItemGroup>
</Project>