<Solution>
  <Configurations>
    <Platform Name="x64" />
    <Platform Name="x86" />
  </Configurations>
  <Folder Name="/Protocol/">
    <File Path="Protocol/Enum.proto" />
    <File Path="Protocol/GenPacket.bat" />
    <File Path="Protocol/Protocol.proto" />
    <File Path="Protocol/Struct.proto" />
  </Folder>
  <Folder Name="/Protocol/Templates/">
    <File Path="Protocol/Templates/PacketHandler.h" />
  </Folder>
  <Folder Name="/Tools/" />
  <Folder Name="/Tools/PacketGenerator/">
    <File Path="Tools/PacketGenerator/GenPacketMaker.bat" />
    <File Path="Tools/PacketGenerator/PacketGenerator.py" />
    <File Path="Tools/PacketGenerator/ProtoParser.py" />
  </Folder>
  <Folder Name="/솔루션 항목/">
    <File Path=".gitignore" />
    <File Path="README.md" />
    <File Path="vcpkg.json" />
  </Folder>
  <Folder Name="/솔루션 항목/SSL/">
    <File Path="SSL/MakeKey.bat" />
  </Folder>
  <Project Path="D:/Projects/Project_Island/GameServer/GameServer.vcxproj" Id="b2d7ef04-e4e8-4efe-bf0b-c06f1c80947e">
    <BuildDependency Project="ServerCore/ServerCore.vcxproj" />
  </Project>
  <Project Path="DummyClient/DummyClient.vcxproj" Id="6cee72a8-029c-42d1-94f1-eff49ec13b31">
    <BuildDependency Project="D:/Projects/Project_Island/GameServer/GameServer.vcxproj" />
    <BuildDependency Project="ServerCore/ServerCore.vcxproj" />
  </Project>
  <Project Path="ServerCore/ServerCore.vcxproj" Id="72ba9031-c7a6-466a-916a-a4de514066d4" />
</Solution>
