<Solution>
  <Configurations>
    <Platform Name="x64" />
    <Platform Name="x86" />
  </Configurations>
  <Project Path="D:/Projects/Project_Island/GameServer/GameServer.vcxproj" Id="b2d7ef04-e4e8-4efe-bf0b-c06f1c80947e" />
  <Project Path="DummyClient/DummyClient.vcxproj" Id="6cee72a8-029c-42d1-94f1-eff49ec13b31" />
  <Project Path="ServerCore/ServerCore.vcxproj" Id="72ba9031-c7a6-466a-916a-a4de514066d4" />
</Solution>
