<?xml version="1.0" encoding="utf-8"?>
<Project ToolsVersion="4.0" xmlns="http://schemas.microsoft.com/developer/msbuild/2003">
  <ItemGroup>
    <Filter Include="Utils">
      <UniqueIdentifier>{1bc5f54b-8500-4a75-be03-01429f6f734c}</UniqueIdentifier>
    </Filter>
    <Filter Include="Network">
      <UniqueIdentifier>{f07d36f6-5a0b-48e6-8171-55a82a9461c9}</UniqueIdentifier>
    </Filter>
    <Filter Include="Main">
      <UniqueIdentifier>{2dc0dd33-26d6-4b8b-9b04-8caee8ce3a04}</UniqueIdentifier>
    </Filter>
  </ItemGroup>
  <ItemGroup>
    <ClCompile Include="Utils.cpp">
      <Filter>Utils</Filter>
    </ClCompile>
    <ClCompile Include="NetAddress.cpp">
      <Filter>Network</Filter>
    </ClCompile>
    <ClCompile Include="CorePch.cpp">
      <Filter>Main</Filter>
    </ClCompile>
    <ClCompile Include="pch.cpp">
      <Filter>Main</Filter>
    </ClCompile>
    <ClCompile Include="IocpCore.cpp">
      <Filter>Network</Filter>
    </ClCompile>
    <ClCompile Include="SocketUtils.cpp">
      <Filter>Utils</Filter>
    </ClCompile>
    <ClCompile Include="IocpEvent.cpp">
      <Filter>Network</Filter>
    </ClCompile>
    <ClCompile Include="Listener.cpp">
      <Filter>Network</Filter>
    </ClCompile>
    <ClCompile Include="Session.cpp">
      <Filter>Network</Filter>
    </ClCompile>
    <ClCompile Include="RecvBuffer.cpp">
      <Filter>Network</Filter>
    </ClCompile>
    <ClCompile Include="SendBuffer.cpp">
      <Filter>Network</Filter>
    </ClCompile>
    <ClCompile Include="CoreTLS.cpp">
      <Filter>Main</Filter>
    </ClCompile>
    <ClCompile Include="ThreadManager.cpp">
      <Filter>Main</Filter>
    </ClCompile>
    <ClCompile Include="Service.cpp">
      <Filter>Network</Filter>
    </ClCompile>
    <ClCompile Include="CoreGlobal.cpp">
      <Filter>Main</Filter>
    </ClCompile>
    <ClCompile Include="SslObject.cpp">
      <Filter>Network</Filter>
    </ClCompile>
  </ItemGroup>
  <ItemGroup>
    <ClInclude Include="Types.h">
      <Filter>Utils</Filter>
    </ClInclude>
    <ClInclude Include="IocpCore.h">
      <Filter>Network</Filter>
    </ClInclude>
    <ClInclude Include="Utils.h">
      <Filter>Utils</Filter>
    </ClInclude>
    <ClInclude Include="NetAddress.h">
      <Filter>Network</Filter>
    </ClInclude>
    <ClInclude Include="CorePch.h">
      <Filter>Main</Filter>
    </ClInclude>
    <ClInclude Include="CoreMacro.h">
      <Filter>Main</Filter>
    </ClInclude>
    <ClInclude Include="pch.h">
      <Filter>Main</Filter>
    </ClInclude>
    <ClInclude Include="SocketUtils.h">
      <Filter>Utils</Filter>
    </ClInclude>
    <ClInclude Include="IocpEvent.h">
      <Filter>Network</Filter>
    </ClInclude>
    <ClInclude Include="Listener.h">
      <Filter>Network</Filter>
    </ClInclude>
    <ClInclude Include="Session.h">
      <Filter>Network</Filter>
    </ClInclude>
    <ClInclude Include="RecvBuffer.h">
      <Filter>Network</Filter>
    </ClInclude>
    <ClInclude Include="SendBuffer.h">
      <Filter>Network</Filter>
    </ClInclude>
    <ClInclude Include="CoreTLS.h">
      <Filter>Main</Filter>
    </ClInclude>
    <ClInclude Include="ThreadManager.h">
      <Filter>Main</Filter>
    </ClInclude>
    <ClInclude Include="Service.h">
      <Filter>Network</Filter>
    </ClInclude>
    <ClInclude Include="CoreGlobal.h">
      <Filter>Main</Filter>
    </ClInclude>
    <ClInclude Include="SslObject.h">
      <Filter>Network</Filter>
    </ClInclude>
  </ItemGroup>
</Project>